// !$*UTF8*$!
{
	archiveVersion = 1;
	classes = {
	};
	objectVersion = 77;
	objects = {

/* Begin PBXBuildFile section */
		9541FB242F00574C0018ED8E /* CheckoutView.swift in Sources */ = {isa = PBXBuildFile; fileRef = 9541FB232F00574C0018ED8E /* CheckoutView.swift */; };
		954E7ADD2DB9565A00C0259D /* HomeViewController.swift in Sources */ = {isa = PBXBuildFile; fileRef = 954E7ADC2DB9565A00C0259D /* HomeViewController.swift */; };
		954E7ADF2DB9567700C0259D /* DetailViewController.swift in Sources */ = {isa = PBXBuildFile; fileRef = 954E7ADE2DB9567700C0259D /* DetailViewController.swift */; };
		954E7AE42DB9579200C0259D /* ConfirmationViewController.swift in Sources */ = {isa = PBXBuildFile; fileRef = 954E7AE32DB9579200C0259D /* ConfirmationViewController.swift */; };
		954E7AFB2DB960E700C0259D /* AppCoordinator.swift in Sources */ = {isa = PBXBuildFile; fileRef = 954E7AF82DB95E9A00C0259D /* AppCoordinator.swift */; };
		954E7B022DB9622C00C0259D /* Coordinator.swift in Sources */ = {isa = PBXBuildFile; fileRef = 954E7ADA2DB9560200C0259D /* Coordinator.swift */; };
		957F0E2B2DBBEB010033B62D /* LoginViewController.swift in Sources */ = {isa = PBXBuildFile; fileRef = 957F0E2A2DBBEAFF0033B62D /* LoginViewController.swift */; };
/* End PBXBuildFile section */

/* Begin PBXFileReference section */
		9541FB232F00574C0018ED8E /* CheckoutView.swift */ = {isa = PBXFileReference; lastKnownFileType = sourcecode.swift; path = CheckoutView.swift; sourceTree = "<group>"; };
		954E7ABD2DB950F000C0259D /* coordinator-pattern.app */ = {isa = PBXFileReference; explicitFileType = wrapper.application; includeInIndex = 0; path = "coordinator-pattern.app"; sourceTree = BUILT_PRODUCTS_DIR; };
		954E7ADA2DB9560200C0259D /* Coordinator.swift */ = {isa = PBXFileReference; lastKnownFileType = sourcecode.swift; path = Coordinator.swift; sourceTree = "<group>"; };
		954E7ADC2DB9565A00C0259D /* HomeViewController.swift */ = {isa = PBXFileReference; lastKnownFileType = sourcecode.swift; path = HomeViewController.swift; sourceTree = "<group>"; };
		954E7ADE2DB9567700C0259D /* DetailViewController.swift */ = {isa = PBXFileReference; lastKnownFileType = sourcecode.swift; path = DetailViewController.swift; sourceTree = "<group>"; };
		954E7AE32DB9579200C0259D /* ConfirmationViewController.swift */ = {isa = PBXFileReference; lastKnownFileType = sourcecode.swift; path = ConfirmationViewController.swift; sourceTree = "<group>"; };
		954E7AF82DB95E9A00C0259D /* AppCoordinator.swift */ = {isa = PBXFileReference; lastKnownFileType = sourcecode.swift; path = AppCoordinator.swift; sourceTree = "<group>"; };
		957F0E2A2DBBEAFF0033B62D /* LoginViewController.swift */ = {isa = PBXFileReference; lastKnownFileType = sourcecode.swift; path = LoginViewController.swift; sourceTree = "<group>"; };
/* End PBXFileReference section */

/* Begin PBXFileSystemSynchronizedBuildFileExceptionSet section */
		954E7ACF2DB950F200C0259D /* Exceptions for "coordinator-pattern" folder in "coordinator-pattern" target */ = {
			isa = PBXFileSystemSynchronizedBuildFileExceptionSet;
			membershipExceptions = (
				Info.plist,
			);
			target = 954E7ABC2DB950F000C0259D /* coordinator-pattern */;
		};
/* End PBXFileSystemSynchronizedBuildFileExceptionSet section */

/* Begin PBXFileSystemSynchronizedRootGroup section */
		954E7ABF2DB950F000C0259D /* coordinator-pattern */ = {
			isa = PBXFileSystemSynchronizedRootGroup;
			exceptions = (
				954E7ACF2DB950F200C0259D /* Exceptions for "coordinator-pattern" folder in "coordinator-pattern" target */,
			);
			path = "coordinator-pattern";
			sourceTree = "<group>";
		};
/* End PBXFileSystemSynchronizedRootGroup section */

/* Begin PBXFrameworksBuildPhase section */
		954E7ABA2DB950F000C0259D /* Frameworks */ = {
			isa = PBXFrameworksBuildPhase;
			buildActionMask = 2147483647;
			files = (
			);
			runOnlyForDeploymentPostprocessing = 0;
		};
/* End PBXFrameworksBuildPhase section */

/* Begin PBXGroup section */
		9541FB212F00570F0018ED8E /* Checkout */ = {
			isa = PBXGroup;
			children = (
				9541FB222F0057370018ED8E /* View */,
			);
			path = Checkout;
			sourceTree = "<group>";
		};
		9541FB222F0057370018ED8E /* View */ = {
			isa = PBXGroup;
			children = (
				9541FB232F00574C0018ED8E /* CheckoutView.swift */,
			);
			path = View;
			sourceTree = "<group>";
		};
		954E7AB42DB950F000C0259D = {
			isa = PBXGroup;
			children = (
				954E7AE02DB9576D00C0259D /* Scenes */,
				954E7AD72DB952C100C0259D /* AppCoordinator */,
				954E7ABF2DB950F000C0259D /* coordinator-pattern */,
				954E7ABE2DB950F000C0259D /* Products */,
			);
			sourceTree = "<group>";
		};
		954E7ABE2DB950F000C0259D /* Products */ = {
			isa = PBXGroup;
			children = (
				954E7ABD2DB950F000C0259D /* coordinator-pattern.app */,
			);
			name = Products;
			sourceTree = "<group>";
		};
		954E7AD52DB9526D00C0259D /* Home */ = {
			isa = PBXGroup;
			children = (
				954E7AE52DB959E900C0259D /* Router */,
				954E7AD62DB9528D00C0259D /* View */,
			);
			path = Home;
			sourceTree = "<group>";
		};
		954E7AD62DB9528D00C0259D /* View */ = {
			isa = PBXGroup;
			children = (
				954E7ADC2DB9565A00C0259D /* HomeViewController.swift */,
			);
			path = View;
			sourceTree = "<group>";
		};
		954E7AD72DB952C100C0259D /* AppCoordinator */ = {
			isa = PBXGroup;
			children = (
				954E7ADA2DB9560200C0259D /* Coordinator.swift */,
				954E7AF82DB95E9A00C0259D /* AppCoordinator.swift */,
			);
			path = AppCoordinator;
			sourceTree = "<group>";
		};
		954E7AD82DB952D900C0259D /* Detail */ = {
			isa = PBXGroup;
			children = (
				954E7AFC2DB9611500C0259D /* Router */,
				954E7AD92DB952F400C0259D /* View */,
			);
			path = Detail;
			sourceTree = "<group>";
		};
		954E7AD92DB952F400C0259D /* View */ = {
			isa = PBXGroup;
			children = (
				954E7ADE2DB9567700C0259D /* DetailViewController.swift */,
			);
			path = View;
			sourceTree = "<group>";
		};
		954E7AE02DB9576D00C0259D /* Scenes */ = {
			isa = PBXGroup;
			children = (
				9541FB212F00570F0018ED8E /* Checkout */,
				957F0E282DBBEAF20033B62D /* Login */,
				954E7AE12DB9578000C0259D /* Confirmation */,
				954E7AD52DB9526D00C0259D /* Home */,
				954E7AD82DB952D900C0259D /* Detail */,
			);
			path = Scenes;
			sourceTree = "<group>";
		};
		954E7AE12DB9578000C0259D /* Confirmation */ = {
			isa = PBXGroup;
			children = (
				954E7AFF2DB961D100C0259D /* Router */,
				954E7AE22DB9578500C0259D /* View */,
			);
			path = Confirmation;
			sourceTree = "<group>";
		};
		954E7AE22DB9578500C0259D /* View */ = {
			isa = PBXGroup;
			children = (
				954E7AE32DB9579200C0259D /* ConfirmationViewController.swift */,
			);
			path = View;
			sourceTree = "<group>";
		};
		954E7AE52DB959E900C0259D /* Router */ = {
			isa = PBXGroup;
			children = (
			);
			path = Router;
			sourceTree = "<group>";
		};
		954E7AFC2DB9611500C0259D /* Router */ = {
			isa = PBXGroup;
			children = (
			);
			path = Router;
			sourceTree = "<group>";
		};
		954E7AFF2DB961D100C0259D /* Router */ = {
			isa = PBXGroup;
			children = (
			);
			path = Router;
			sourceTree = "<group>";
		};
		957F0E282DBBEAF20033B62D /* Login */ = {
			isa = PBXGroup;
			children = (
				957F0E292DBBEAF80033B62D /* View */,
			);
			path = Login;
			sourceTree = "<group>";
		};
		957F0E292DBBEAF80033B62D /* View */ = {
			isa = PBXGroup;
			children = (
				957F0E2A2DBBEAFF0033B62D /* LoginViewController.swift */,
			);
			path = View;
			sourceTree = "<group>";
		};
/* End PBXGroup section */

/* Begin PBXNativeTarget section */
		954E7ABC2DB950F000C0259D /* coordinator-pattern */ = {
			isa = PBXNativeTarget;
			buildConfigurationList = 954E7AD02DB950F200C0259D /* Build configuration list for PBXNativeTarget "coordinator-pattern" */;
			buildPhases = (
				954E7AB92DB950F000C0259D /* Sources */,
				954E7ABA2DB950F000C0259D /* Frameworks */,
				954E7ABB2DB950F000C0259D /* Resources */,
			);
			buildRules = (
			);
			dependencies = (
			);
			fileSystemSynchronizedGroups = (
				954E7ABF2DB950F000C0259D /* coordinator-pattern */,
			);
			name = "coordinator-pattern";
			packageProductDependencies = (
			);
			productName = "coordinator-pattern";
			productReference = 954E7ABD2DB950F000C0259D /* coordinator-pattern.app */;
			productType = "com.apple.product-type.application";
		};
/* End PBXNativeTarget section */

/* Begin PBXProject section */
		954E7AB52DB950F000C0259D /* Project object */ = {
			isa = PBXProject;
			attributes = {
				BuildIndependentTargetsInParallel = 1;
				LastSwiftUpdateCheck = 1600;
				LastUpgradeCheck = 1600;
				TargetAttributes = {
					954E7ABC2DB950F000C0259D = {
						CreatedOnToolsVersion = 16.0;
					};
				};
			};
			buildConfigurationList = 954E7AB82DB950F000C0259D /* Build configuration list for PBXProject "coordinator-pattern" */;
			developmentRegion = en;
			hasScannedForEncodings = 0;
			knownRegions = (
				en,
				Base,
			);
			mainGroup = 954E7AB42DB950F000C0259D;
			minimizedProjectReferenceProxies = 1;
			preferredProjectObjectVersion = 77;
			productRefGroup = 954E7ABE2DB950F000C0259D /* Products */;
			projectDirPath = "";
			projectRoot = "";
			targets = (
				954E7ABC2DB950F000C0259D /* coordinator-pattern */,
			);
		};
/* End PBXProject section */

/* Begin PBXResourcesBuildPhase section */
		954E7ABB2DB950F000C0259D /* Resources */ = {
			isa = PBXResourcesBuildPhase;
			buildActionMask = 2147483647;
			files = (
			);
			runOnlyForDeploymentPostprocessing = 0;
		};
/* End PBXResourcesBuildPhase section */

/* Begin PBXSourcesBuildPhase section */
		954E7AB92DB950F000C0259D /* Sources */ = {
			isa = PBXSourcesBuildPhase;
			buildActionMask = 2147483647;
			files = (
				957F0E2B2DBBEB010033B62D /* LoginViewController.swift in Sources */,
				954E7AE42DB9579200C0259D /* ConfirmationViewController.swift in Sources */,
				9541FB242F00574C0018ED8E /* CheckoutView.swift in Sources */,
				954E7AFB2DB960E700C0259D /* AppCoordinator.swift in Sources */,
				954E7B022DB9622C00C0259D /* Coordinator.swift in Sources */,
				954E7ADF2DB9567700C0259D /* DetailViewController.swift in Sources */,
				954E7ADD2DB9565A00C0259D /* HomeViewController.swift in Sources */,
			);
			runOnlyForDeploymentPostprocessing = 0;
		};
/* End PBXSourcesBuildPhase section */

/* Begin XCBuildConfiguration section */
		954E7AD12DB950F200C0259D /* Debug */ = {
			isa = XCBuildConfiguration;
			buildSettings = {
				ASSETCATALOG_COMPILER_APPICON_NAME = AppIcon;
				ASSETCATALOG_COMPILER_GLOBAL_ACCENT_COLOR_NAME = AccentColor;
				CODE_SIGN_STYLE = Automatic;
				CURRENT_PROJECT_VERSION = 1;
				GENERATE_INFOPLIST_FILE = YES;
				INFOPLIST_FILE = "coordinator-pattern/Info.plist";
				INFOPLIST_KEY_UIApplicationSupportsIndirectInputEvents = YES;
				INFOPLIST_KEY_UILaunchStoryboardName = LaunchScreen;
				INFOPLIST_KEY_UIMainStoryboardFile = Main;
				INFOPLIST_KEY_UISupportedInterfaceOrientations_iPad = "UIInterfaceOrientationPortrait UIInterfaceOrientationPortraitUpsideDown UIInterfaceOrientationLandscapeLeft UIInterfaceOrientationLandscapeRight";
				INFOPLIST_KEY_UISupportedInterfaceOrientations_iPhone = "UIInterfaceOrientationPortrait UIInterfaceOrientationLandscapeLeft UIInterfaceOrientationLandscapeRight";
				LD_RUNPATH_SEARCH_PATHS = (
					"$(inherited)",
					"@executable_path/Frameworks",
				);
				MARKETING_VERSION = 1.0;
				PRODUCT_BUNDLE_IDENTIFIER = "jmac.coordinator-pattern";
				PRODUCT_NAME = "$(TARGET_NAME)";
				SWIFT_EMIT_LOC_STRINGS = YES;
				SWIFT_VERSION = 5.0;
				TARGETED_DEVICE_FAMILY = "1,2";
			};
			name = Debug;
		};
		954E7AD22DB950F200C0259D /* Release */ = {
			isa = XCBuildConfiguration;
			buildSettings = {
				ASSETCATALOG_COMPILER_APPICON_NAME = AppIcon;
				ASSETCATALOG_COMPILER_GLOBAL_ACCENT_COLOR_NAME = AccentColor;
				CODE_SIGN_STYLE = Automatic;
				CURRENT_PROJECT_VERSION = 1;
				GENERATE_INFOPLIST_FILE = YES;
				INFOPLIST_FILE = "coordinator-pattern/Info.plist";
				INFOPLIST_KEY_UIApplicationSupportsIndirectInputEvents = YES;
				INFOPLIST_KEY_UILaunchStoryboardName = LaunchScreen;
				INFOPLIST_KEY_UIMainStoryboardFile = Main;
				INFOPLIST_KEY_UISupportedInterfaceOrientations_iPad = "UIInterfaceOrientationPortrait UIInterfaceOrientationPortraitUpsideDown UIInterfaceOrientationLandscapeLeft UIInterfaceOrientationLandscapeRight";
				INFOPLIST_KEY_UISupportedInterfaceOrientations_iPhone = "UIInterfaceOrientationPortrait UIInterfaceOrientationLandscapeLeft UIInterfaceOrientationLandscapeRight";
				LD_RUNPATH_SEARCH_PATHS = (
					"$(inherited)",
					"@executable_path/Frameworks",
				);
				MARKETING_VERSION = 1.0;
				PRODUCT_BUNDLE_IDENTIFIER = "jmac.coordinator-pattern";
				PRODUCT_NAME = "$(TARGET_NAME)";
				SWIFT_EMIT_LOC_STRINGS = YES;
				SWIFT_VERSION = 5.0;
				TARGETED_DEVICE_FAMILY = "1,2";
			};
			name = Release;
		};
		954E7AD32DB950F200C0259D /* Debug */ = {
			isa = XCBuildConfiguration;
			buildSettings = {
				ALWAYS_SEARCH_USER_PATHS = NO;
				ASSETCATALOG_COMPILER_GENERATE_SWIFT_ASSET_SYMBOL_EXTENSIONS = YES;
				CLANG_ANALYZER_NONNULL = YES;
				CLANG_ANALYZER_NUMBER_OBJECT_CONVERSION = YES_AGGRESSIVE;
				CLANG_CXX_LANGUAGE_STANDARD = "gnu++20";
				CLANG_ENABLE_MODULES = YES;
				CLANG_ENABLE_OBJC_ARC = YES;
				CLANG_ENABLE_OBJC_WEAK = YES;
				CLANG_WARN_BLOCK_CAPTURE_AUTORELEASING = YES;
				CLANG_WARN_BOOL_CONVERSION = YES;
				CLANG_WARN_COMMA = YES;
				CLANG_WARN_CONSTANT_CONVERSION = YES;
				CLANG_WARN_DEPRECATED_OBJC_IMPLEMENTATIONS = YES;
				CLANG_WARN_DIRECT_OBJC_ISA_USAGE = YES_ERROR;
				CLANG_WARN_DOCUMENTATION_COMMENTS = YES;
				CLANG_WARN_EMPTY_BODY = YES;
				CLANG_WARN_ENUM_CONVERSION = YES;
				CLANG_WARN_INFINITE_RECURSION = YES;
				CLANG_WARN_INT_CONVERSION = YES;
				CLANG_WARN_NON_LITERAL_NULL_CONVERSION = YES;
				CLANG_WARN_OBJC_IMPLICIT_RETAIN_SELF = YES;
				CLANG_WARN_OBJC_LITERAL_CONVERSION = YES;
				CLANG_WARN_OBJC_ROOT_CLASS = YES_ERROR;
				CLANG_WARN_QUOTED_INCLUDE_IN_FRAMEWORK_HEADER = YES;
				CLANG_WARN_RANGE_LOOP_ANALYSIS = YES;
				CLANG_WARN_STRICT_PROTOTYPES = YES;
				CLANG_WARN_SUSPICIOUS_MOVE = YES;
				CLANG_WARN_UNGUARDED_AVAILABILITY = YES_AGGRESSIVE;
				CLANG_WARN_UNREACHABLE_CODE = YES;
				CLANG_WARN__DUPLICATE_METHOD_MATCH = YES;
				COPY_PHASE_STRIP = NO;
				DEBUG_INFORMATION_FORMAT = dwarf;
				ENABLE_STRICT_OBJC_MSGSEND = YES;
				ENABLE_TESTABILITY = YES;
				ENABLE_USER_SCRIPT_SANDBOXING = YES;
				GCC_C_LANGUAGE_STANDARD = gnu17;
				GCC_DYNAMIC_NO_PIC = NO;
				GCC_NO_COMMON_BLOCKS = YES;
				GCC_OPTIMIZATION_LEVEL = 0;
				GCC_PREPROCESSOR_DEFINITIONS = (
					"DEBUG=1",
					"$(inherited)",
				);
				GCC_WARN_64_TO_32_BIT_CONVERSION = YES;
				GCC_WARN_ABOUT_RETURN_TYPE = YES_ERROR;
				GCC_WARN_UNDECLARED_SELECTOR = YES;
				GCC_WARN_UNINITIALIZED_AUTOS = YES_AGGRESSIVE;
				GCC_WARN_UNUSED_FUNCTION = YES;
				GCC_WARN_UNUSED_VARIABLE = YES;
				IPHONEOS_DEPLOYMENT_TARGET = 18.0;
				LOCALIZATION_PREFERS_STRING_CATALOGS = YES;
				MTL_ENABLE_DEBUG_INFO = INCLUDE_SOURCE;
				MTL_FAST_MATH = YES;
				ONLY_ACTIVE_ARCH = YES;
				SDKROOT = iphoneos;
				SWIFT_ACTIVE_COMPILATION_CONDITIONS = "DEBUG $(inherited)";
				SWIFT_OPTIMIZATION_LEVEL = "-Onone";
			};
			name = Debug;
		};
		954E7AD42DB950F200C0259D /* Release */ = {
			isa = XCBuildConfiguration;
			buildSettings = {
				ALWAYS_SEARCH_USER_PATHS = NO;
				ASSETCATALOG_COMPILER_GENERATE_SWIFT_ASSET_SYMBOL_EXTENSIONS = YES;
				CLANG_ANALYZER_NONNULL = YES;
				CLANG_ANALYZER_NUMBER_OBJECT_CONVERSION = YES_AGGRESSIVE;
				CLANG_CXX_LANGUAGE_STANDARD = "gnu++20";
				CLANG_ENABLE_MODULES = YES;
				CLANG_ENABLE_OBJC_ARC = YES;
				CLANG_ENABLE_OBJC_WEAK = YES;
				CLANG_WARN_BLOCK_CAPTURE_AUTORELEASING = YES;
				CLANG_WARN_BOOL_CONVERSION = YES;
				CLANG_WARN_COMMA = YES;
				CLANG_WARN_CONSTANT_CONVERSION = YES;
				CLANG_WARN_DEPRECATED_OBJC_IMPLEMENTATIONS = YES;
				CLANG_WARN_DIRECT_OBJC_ISA_USAGE = YES_ERROR;
				CLANG_WARN_DOCUMENTATION_COMMENTS = YES;
				CLANG_WARN_EMPTY_BODY = YES;
				CLANG_WARN_ENUM_CONVERSION = YES;
				CLANG_WARN_INFINITE_RECURSION = YES;
				CLANG_WARN_INT_CONVERSION = YES;
				CLANG_WARN_NON_LITERAL_NULL_CONVERSION = YES;
				CLANG_WARN_OBJC_IMPLICIT_RETAIN_SELF = YES;
				CLANG_WARN_OBJC_LITERAL_CONVERSION = YES;
				CLANG_WARN_OBJC_ROOT_CLASS = YES_ERROR;
				CLANG_WARN_QUOTED_INCLUDE_IN_FRAMEWORK_HEADER = YES;
				CLANG_WARN_RANGE_LOOP_ANALYSIS = YES;
				CLANG_WARN_STRICT_PROTOTYPES = YES;
				CLANG_WARN_SUSPICIOUS_MOVE = YES;
				CLANG_WARN_UNGUARDED_AVAILABILITY = YES_AGGRESSIVE;
				CLANG_WARN_UNREACHABLE_CODE = YES;
				CLANG_WARN__DUPLICATE_METHOD_MATCH = YES;
				COPY_PHASE_STRIP = NO;
				DEBUG_INFORMATION_FORMAT = "dwarf-with-dsym";
				ENABLE_NS_ASSERTIONS = NO;
				ENABLE_STRICT_OBJC_MSGSEND = YES;
				ENABLE_USER_SCRIPT_SANDBOXING = YES;
				GCC_C_LANGUAGE_STANDARD = gnu17;
				GCC_NO_COMMON_BLOCKS = YES;
				GCC_WARN_64_TO_32_BIT_CONVERSION = YES;
				GCC_WARN_ABOUT_RETURN_TYPE = YES_ERROR;
				GCC_WARN_UNDECLARED_SELECTOR = YES;
				GCC_WARN_UNINITIALIZED_AUTOS = YES_AGGRESSIVE;
				GCC_WARN_UNUSED_FUNCTION = YES;
				GCC_WARN_UNUSED_VARIABLE = YES;
				IPHONEOS_DEPLOYMENT_TARGET = 18.0;
				LOCALIZATION_PREFERS_STRING_CATALOGS = YES;
				MTL_ENABLE_DEBUG_INFO = NO;
				MTL_FAST_MATH = YES;
				SDKROOT = iphoneos;
				SWIFT_COMPILATION_MODE = wholemodule;
				VALIDATE_PRODUCT = YES;
			};
			name = Release;
		};
/* End XCBuildConfiguration section */

/* Begin XCConfigurationList section */
		954E7AB82DB950F000C0259D /* Build configuration list for PBXProject "coordinator-pattern" */ = {
			isa = XCConfigurationList;
			buildConfigurations = (
				954E7AD32DB950F200C0259D /* Debug */,
				954E7AD42DB950F200C0259D /* Release */,
			);
			defaultConfigurationIsVisible = 0;
			defaultConfigurationName = Release;
		};
		954E7AD02DB950F200C0259D /* Build configuration list for PBXNativeTarget "coordinator-pattern" */ = {
			isa = XCConfigurationList;
			buildConfigurations = (
				954E7AD12DB950F200C0259D /* Debug */,
				954E7AD22DB950F200C0259D /* Release */,
			);
			defaultConfigurationIsVisible = 0;
			defaultConfigurationName = Release;
		};
/* End XCConfigurationList section */
	};
	rootObject = 954E7AB52DB950F000C0259D /* Project object */;
}
